
Microsoft Visual Studio Solution File, Format Version 12.00
# Visual Studio Version 17
VisualStudioVersion = 17.8.34408.163
MinimumVisualStudioVersion = 10.0.40219.1
Project("{2150E333-8FDC-42A3-9474-1A3956D46DE8}") = "Services", "Services", "{EF7BE1D5-46B8-4FE3-AE24-9034229D700C}"
EndProject
Project("{2150E333-8FDC-42A3-9474-1A3956D46DE8}") = "WebApps", "WebApps", "{9ADB4943-468E-4160-A1ED-F35C50C1E0DA}"
EndProject
Project("{2150E333-8FDC-42A3-9474-1A3956D46DE8}") = "Cadastros", "Cadastros", "{A2ECCF1F-4176-4D44-9061-4FD0FCCF9907}"
EndProject
Project("{2150E333-8FDC-42A3-9474-1A3956D46DE8}") = "Catalogo", "Catalogo", "{F71F621D-0BB2-4CD3-89E6-BB6A6CA8B458}"
EndProject
Project("{2150E333-8FDC-42A3-9474-1A3956D46DE8}") = "Core", "Core", "{D5128B31-739D-43D8-819B-EB2F2F63DDBF}"
EndProject
Project("{2150E333-8FDC-42A3-9474-1A3956D46DE8}") = "Fiscal", "Fiscal", "{5F1F28B8-CCEC-4066-9FAE-1939350ACACB}"
EndProject
Project("{2150E333-8FDC-42A3-9474-1A3956D46DE8}") = "Pagamentos", "Pagamentos", "{BE245EC8-58EE-43BF-A830-71F8C9D665D9}"
EndProject
Project("{2150E333-8FDC-42A3-9474-1A3956D46DE8}") = "Vendas", "Vendas", "{307F9CDB-80B8-4B60-95BE-A2C3B7637CA0}"
EndProject
Project("{9A19103F-16F7-4668-BE54-9A1E7A4F7556}") = "NerdStore.Core", "src\NerdStore.Core\NerdStore.Core.csproj", "{413AFF26-2841-4667-9BD2-BD398428AC25}"
EndProject
Project("{9A19103F-16F7-4668-BE54-9A1E7A4F7556}") = "NerdStore.Catalogo.Domain", "src\NerdStore.Catalogo.Domain\NerdStore.Catalogo.Domain.csproj", "{3A40720C-3177-4C84-BE3A-B2F88B7CA93C}"
EndProject
Project("{2150E333-8FDC-42A3-9474-1A3956D46DE8}") = "Tests", "Tests", "{24699A4C-6D3F-4C7D-9563-78A8B3B0ECEA}"
EndProject
Project("{9A19103F-16F7-4668-BE54-9A1E7A4F7556}") = "NerdStore.Catalogo.Domain.Tests", "tests\NerdStore.Catalogo.Domain.Tests\NerdStore.Catalogo.Domain.Tests.csproj", "{E3DE3F31-CDC1-4135-ACD9-253D54A293BF}"
EndProject
Project("{9A19103F-16F7-4668-BE54-9A1E7A4F7556}") = "NerdStore.Catalogo.Data", "src\NerdStore.Catalogo.Data\NerdStore.Catalogo.Data.csproj", "{926738F9-CB75-4797-989B-6F3D73930CEB}"
EndProject
Project("{9A19103F-16F7-4668-BE54-9A1E7A4F7556}") = "NerdStore.Catalogo.Application", "src\NerdStore.Catalogo.Application\NerdStore.Catalogo.Application.csproj", "{F3973E8A-E212-45C4-BEAA-76B605A42F75}"
EndProject
Project("{9A19103F-16F7-4668-BE54-9A1E7A4F7556}") = "NerdStore.WebApp.MVC", "src\NerdStore.WebApp.MVC\NerdStore.WebApp.MVC.csproj", "{9934D5D3-0B66-4E67-B5B9-EFB818415452}"
EndProject
Project("{9A19103F-16F7-4668-BE54-9A1E7A4F7556}") = "NerdStore.Vendas.Domain", "src\NerdStore.Vendas.Domain\NerdStore.Vendas.Domain.csproj", "{053217F7-C8B0-4F21-BAAA-1CCB19CF5FB0}"
EndProject
Project("{9A19103F-16F7-4668-BE54-9A1E7A4F7556}") = "NerdStore.Vendas.Application", "src\NerdStore.Vendas.Application\NerdStore.Vendas.Application.csproj", "{47DCF33B-ADA8-4B40-B3FC-7C1EE1471103}"
EndProject
Project("{9A19103F-16F7-4668-BE54-9A1E7A4F7556}") = "NerdStore.Vendas.Data", "src\NerdStore.Vendas.Data\NerdStore.Vendas.Data.csproj", "{02FABD77-3E25-4949-8DB7-8801D5534FB1}"
EndProject
Project("{FAE04EC0-301F-11D3-BF4B-00C04F79EFBC}") = "NerdStore.Pagamentos.Data", "src\NerdStore.Pagamentos.Data\NerdStore.Pagamentos.Data.csproj", "{898F13BB-5ACD-406F-B63F-9FD017916E6C}"
EndProject
Project("{FAE04EC0-301F-11D3-BF4B-00C04F79EFBC}") = "NerdStore.Pagamentos.Business", "src\NerdStore.Pagamentos.Business\NerdStore.Pagamentos.Business.csproj", "{CF549FDD-9965-4541-AA36-A86B5BBD334E}"
EndProject
Project("{FAE04EC0-301F-11D3-BF4B-00C04F79EFBC}") = "NerdStore.Pagamentos.AntiCorruption", "src\NerdStore.Pagamentos.AntiCorruption\NerdStore.Pagamentos.AntiCorruption.csproj", "{A5B9DDA1-0502-4275-A73E-B20BE0F1FA39}"
EndProject
Global
	GlobalSection(SolutionConfigurationPlatforms) = preSolution
		Debug|Any CPU = Debug|Any CPU
		Release|Any CPU = Release|Any CPU
	EndGlobalSection
	GlobalSection(ProjectConfigurationPlatforms) = postSolution
		{413AFF26-2841-4667-9BD2-BD398428AC25}.Debug|Any CPU.ActiveCfg = Debug|Any CPU
		{413AFF26-2841-4667-9BD2-BD398428AC25}.Debug|Any CPU.Build.0 = Debug|Any CPU
		{413AFF26-2841-4667-9BD2-BD398428AC25}.Release|Any CPU.ActiveCfg = Release|Any CPU
		{413AFF26-2841-4667-9BD2-BD398428AC25}.Release|Any CPU.Build.0 = Release|Any CPU
		{3A40720C-3177-4C84-BE3A-B2F88B7CA93C}.Debug|Any CPU.ActiveCfg = Debug|Any CPU
		{3A40720C-3177-4C84-BE3A-B2F88B7CA93C}.Debug|Any CPU.Build.0 = Debug|Any CPU
		{3A40720C-3177-4C84-BE3A-B2F88B7CA93C}.Release|Any CPU.ActiveCfg = Release|Any CPU
		{3A40720C-3177-4C84-BE3A-B2F88B7CA93C}.Release|Any CPU.Build.0 = Release|Any CPU
		{E3DE3F31-CDC1-4135-ACD9-253D54A293BF}.Debug|Any CPU.ActiveCfg = Debug|Any CPU
		{E3DE3F31-CDC1-4135-ACD9-253D54A293BF}.Debug|Any CPU.Build.0 = Debug|Any CPU
		{E3DE3F31-CDC1-4135-ACD9-253D54A293BF}.Release|Any CPU.ActiveCfg = Release|Any CPU
		{E3DE3F31-CDC1-4135-ACD9-253D54A293BF}.Release|Any CPU.Build.0 = Release|Any CPU
		{926738F9-CB75-4797-989B-6F3D73930CEB}.Debug|Any CPU.ActiveCfg = Debug|Any CPU
		{926738F9-CB75-4797-989B-6F3D73930CEB}.Debug|Any CPU.Build.0 = Debug|Any CPU
		{926738F9-CB75-4797-989B-6F3D73930CEB}.Release|Any CPU.ActiveCfg = Release|Any CPU
		{926738F9-CB75-4797-989B-6F3D73930CEB}.Release|Any CPU.Build.0 = Release|Any CPU
		{F3973E8A-E212-45C4-BEAA-76B605A42F75}.Debug|Any CPU.ActiveCfg = Debug|Any CPU
		{F3973E8A-E212-45C4-BEAA-76B605A42F75}.Debug|Any CPU.Build.0 = Debug|Any CPU
		{F3973E8A-E212-45C4-BEAA-76B605A42F75}.Release|Any CPU.ActiveCfg = Release|Any CPU
		{F3973E8A-E212-45C4-BEAA-76B605A42F75}.Release|Any CPU.Build.0 = Release|Any CPU
		{9934D5D3-0B66-4E67-B5B9-EFB818415452}.Debug|Any CPU.ActiveCfg = Debug|Any CPU
		{9934D5D3-0B66-4E67-B5B9-EFB818415452}.Debug|Any CPU.Build.0 = Debug|Any CPU
		{9934D5D3-0B66-4E67-B5B9-EFB818415452}.Release|Any CPU.ActiveCfg = Release|Any CPU
		{9934D5D3-0B66-4E67-B5B9-EFB818415452}.Release|Any CPU.Build.0 = Release|Any CPU
		{053217F7-C8B0-4F21-BAAA-1CCB19CF5FB0}.Debug|Any CPU.ActiveCfg = Debug|Any CPU
		{053217F7-C8B0-4F21-BAAA-1CCB19CF5FB0}.Debug|Any CPU.Build.0 = Debug|Any CPU
		{053217F7-C8B0-4F21-BAAA-1CCB19CF5FB0}.Release|Any CPU.ActiveCfg = Release|Any CPU
		{053217F7-C8B0-4F21-BAAA-1CCB19CF5FB0}.Release|Any CPU.Build.0 = Release|Any CPU
		{47DCF33B-ADA8-4B40-B3FC-7C1EE1471103}.Debug|Any CPU.ActiveCfg = Debug|Any CPU
		{47DCF33B-ADA8-4B40-B3FC-7C1EE1471103}.Debug|Any CPU.Build.0 = Debug|Any CPU
		{47DCF33B-ADA8-4B40-B3FC-7C1EE1471103}.Release|Any CPU.ActiveCfg = Release|Any CPU
		{47DCF33B-ADA8-4B40-B3FC-7C1EE1471103}.Release|Any CPU.Build.0 = Release|Any CPU
		{02FABD77-3E25-4949-8DB7-8801D5534FB1}.Debug|Any CPU.ActiveCfg = Debug|Any CPU
		{02FABD77-3E25-4949-8DB7-8801D5534FB1}.Debug|Any CPU.Build.0 = Debug|Any CPU
		{02FABD77-3E25-4949-8DB7-8801D5534FB1}.Release|Any CPU.ActiveCfg = Release|Any CPU
		{02FABD77-3E25-4949-8DB7-8801D5534FB1}.Release|Any CPU.Build.0 = Release|Any CPU
		{898F13BB-5ACD-406F-B63F-9FD017916E6C}.Debug|Any CPU.ActiveCfg = Debug|Any CPU
		{898F13BB-5ACD-406F-B63F-9FD017916E6C}.Debug|Any CPU.Build.0 = Debug|Any CPU
		{898F13BB-5ACD-406F-B63F-9FD017916E6C}.Release|Any CPU.ActiveCfg = Release|Any CPU
		{898F13BB-5ACD-406F-B63F-9FD017916E6C}.Release|Any CPU.Build.0 = Release|Any CPU
		{CF549FDD-9965-4541-AA36-A86B5BBD334E}.Debug|Any CPU.ActiveCfg = Debug|Any CPU
		{CF549FDD-9965-4541-AA36-A86B5BBD334E}.Debug|Any CPU.Build.0 = Debug|Any CPU
		{CF549FDD-9965-4541-AA36-A86B5BBD334E}.Release|Any CPU.ActiveCfg = Release|Any CPU
		{CF549FDD-9965-4541-AA36-A86B5BBD334E}.Release|Any CPU.Build.0 = Release|Any CPU
		{A5B9DDA1-0502-4275-A73E-B20BE0F1FA39}.Debug|Any CPU.ActiveCfg = Debug|Any CPU
		{A5B9DDA1-0502-4275-A73E-B20BE0F1FA39}.Debug|Any CPU.Build.0 = Debug|Any CPU
		{A5B9DDA1-0502-4275-A73E-B20BE0F1FA39}.Release|Any CPU.ActiveCfg = Release|Any CPU
		{A5B9DDA1-0502-4275-A73E-B20BE0F1FA39}.Release|Any CPU.Build.0 = Release|Any CPU
	EndGlobalSection
	GlobalSection(SolutionProperties) = preSolution
		HideSolutionNode = FALSE
	EndGlobalSection
	GlobalSection(NestedProjects) = preSolution
		{A2ECCF1F-4176-4D44-9061-4FD0FCCF9907} = {EF7BE1D5-46B8-4FE3-AE24-9034229D700C}
		{F71F621D-0BB2-4CD3-89E6-BB6A6CA8B458} = {EF7BE1D5-46B8-4FE3-AE24-9034229D700C}
		{D5128B31-739D-43D8-819B-EB2F2F63DDBF} = {EF7BE1D5-46B8-4FE3-AE24-9034229D700C}
		{5F1F28B8-CCEC-4066-9FAE-1939350ACACB} = {EF7BE1D5-46B8-4FE3-AE24-9034229D700C}
		{BE245EC8-58EE-43BF-A830-71F8C9D665D9} = {EF7BE1D5-46B8-4FE3-AE24-9034229D700C}
		{307F9CDB-80B8-4B60-95BE-A2C3B7637CA0} = {EF7BE1D5-46B8-4FE3-AE24-9034229D700C}
		{413AFF26-2841-4667-9BD2-BD398428AC25} = {D5128B31-739D-43D8-819B-EB2F2F63DDBF}
		{3A40720C-3177-4C84-BE3A-B2F88B7CA93C} = {F71F621D-0BB2-4CD3-89E6-BB6A6CA8B458}
		{24699A4C-6D3F-4C7D-9563-78A8B3B0ECEA} = {F71F621D-0BB2-4CD3-89E6-BB6A6CA8B458}
		{E3DE3F31-CDC1-4135-ACD9-253D54A293BF} = {24699A4C-6D3F-4C7D-9563-78A8B3B0ECEA}
		{926738F9-CB75-4797-989B-6F3D73930CEB} = {F71F621D-0BB2-4CD3-89E6-BB6A6CA8B458}
		{F3973E8A-E212-45C4-BEAA-76B605A42F75} = {F71F621D-0BB2-4CD3-89E6-BB6A6CA8B458}
		{9934D5D3-0B66-4E67-B5B9-EFB818415452} = {9ADB4943-468E-4160-A1ED-F35C50C1E0DA}
		{053217F7-C8B0-4F21-BAAA-1CCB19CF5FB0} = {307F9CDB-80B8-4B60-95BE-A2C3B7637CA0}
		{47DCF33B-ADA8-4B40-B3FC-7C1EE1471103} = {307F9CDB-80B8-4B60-95BE-A2C3B7637CA0}
		{02FABD77-3E25-4949-8DB7-8801D5534FB1} = {307F9CDB-80B8-4B60-95BE-A2C3B7637CA0}
		{898F13BB-5ACD-406F-B63F-9FD017916E6C} = {BE245EC8-58EE-43BF-A830-71F8C9D665D9}
		{CF549FDD-9965-4541-AA36-A86B5BBD334E} = {BE245EC8-58EE-43BF-A830-71F8C9D665D9}
		{A5B9DDA1-0502-4275-A73E-B20BE0F1FA39} = {BE245EC8-58EE-43BF-A830-71F8C9D665D9}
	EndGlobalSection
	GlobalSection(ExtensibilityGlobals) = postSolution
		SolutionGuid = {65D72384-F17B-4AFF-9FF1-9267E7BD3F9D}
	EndGlobalSection
EndGlobal
